
Microsoft Visual Studio Solution File, Format Version 12.00
# Visual Studio Version 17
VisualStudioVersion = 17.11.35222.181
MinimumVisualStudioVersion = 10.0.40219.1
Project("{FAE04EC0-301F-11D3-BF4B-00C04F79EFBC}") = "FinancialCrm", "FinancialCrm\FinancialCrm.csproj", "{75952198-ABB1-4DEE-9BD1-B95E5C9D7671}"
EndProject
Global
	GlobalSection(SolutionConfigurationPlatforms) = preSolution
		Debug|Any CPU = Debug|Any CPU
		Release|Any CPU = Release|Any CPU
	EndGlobalSection
	GlobalSection(ProjectConfigurationPlatforms) = postSolution
		{75952198-ABB1-4DEE-9BD1-B95E5C9D7671}.Debug|Any CPU.ActiveCfg = Debug|Any CPU
		{75952198-ABB1-4DEE-9BD1-B95E5C9D7671}.Debug|Any CPU.Build.0 = Debug|Any CPU
		{75952198-ABB1-4DEE-9BD1-B95E5C9D7671}.Release|Any CPU.ActiveCfg = Release|Any CPU
		{75952198-ABB1-4DEE-9BD1-B95E5C9D7671}.Release|Any CPU.Build.0 = Release|Any CPU
	EndGlobalSection
	GlobalSection(SolutionProperties) = preSolution
		HideSolutionNode = FALSE
	EndGlobalSection
	GlobalSection(ExtensibilityGlobals) = postSolution
		SolutionGuid = {A6CE0115-1EFD-475C-86BB-D6DF783A2EE7}
	EndGlobalSection
EndGlobal
